
Microsoft Visual Studio Solution File, Format Version 12.00
# Visual Studio Version 17
VisualStudioVersion = 17.11.35303.130
MinimumVisualStudioVersion = 10.0.40219.1
Project("{FAE04EC0-301F-11D3-BF4B-00C04F79EFBC}") = "Lab1", "Lab1.csproj", "{C6F29D69-BA0B-4042-807D-0CE7AACC7790}"
EndProject
Global
	GlobalSection(SolutionConfigurationPlatforms) = preSolution
		Debug|Any CPU = Debug|Any CPU
		Release|Any CPU = Release|Any CPU
	EndGlobalSection
	GlobalSection(ProjectConfigurationPlatforms) = postSolution
		{C6F29D69-BA0B-4042-807D-0CE7AACC7790}.Debug|Any CPU.ActiveCfg = Debug|Any CPU
		{C6F29D69-BA0B-4042-807D-0CE7AACC7790}.Debug|Any CPU.Build.0 = Debug|Any CPU
		{C6F29D69-BA0B-4042-807D-0CE7AACC7790}.Release|Any CPU.ActiveCfg = Release|Any CPU
		{C6F29D69-BA0B-4042-807D-0CE7AACC7790}.Release|Any CPU.Build.0 = Release|Any CPU
	EndGlobalSection
	GlobalSection(SolutionProperties) = preSolution
		HideSolutionNode = FALSE
	EndGlobalSection
	GlobalSection(ExtensibilityGlobals) = postSolution
		SolutionGuid = {8B4748C7-7F52-47CE-8EBB-627A88F99BFD}
	EndGlobalSection
EndGlobal
