
Microsoft Visual Studio Solution File, Format Version 12.00
# Visual Studio Version 17
VisualStudioVersion = 17.14.36109.1 d17.14
MinimumVisualStudioVersion = 10.0.40219.1
Project("{FAE04EC0-301F-11D3-BF4B-00C04F79EFBC}") = "ClassLibrary1", "ClassLibrary1\ClassLibrary1.csproj", "{3010683E-9270-4E6F-9129-83E052699576}"
EndProject
Project("{FAE04EC0-301F-11D3-BF4B-00C04F79EFBC}") = "ClassLibrary1.Tests", "ClassLibrary1.Tests\ClassLibrary1.Tests.csproj", "{EE12C3A3-E24F-4BCB-99DA-0369467AD41E}"
EndProject
Project("{FAE04EC0-301F-11D3-BF4B-00C04F79EFBC}") = "ArcFaceDemo", "ArcFaceDemo\ArcFaceDemo.csproj", "{396B00CA-4D43-4D29-B705-D8CF2AAE53C5}"
EndProject
Global
	GlobalSection(SolutionConfigurationPlatforms) = preSolution
		Debug|Any CPU = Debug|Any CPU
		Release|Any CPU = Release|Any CPU
	EndGlobalSection
	GlobalSection(ProjectConfigurationPlatforms) = postSolution
		{3010683E-9270-4E6F-9129-83E052699576}.Debug|Any CPU.ActiveCfg = Debug|Any CPU
		{3010683E-9270-4E6F-9129-83E052699576}.Debug|Any CPU.Build.0 = Debug|Any CPU
		{3010683E-9270-4E6F-9129-83E052699576}.Release|Any CPU.ActiveCfg = Release|Any CPU
		{3010683E-9270-4E6F-9129-83E052699576}.Release|Any CPU.Build.0 = Release|Any CPU
		{EE12C3A3-E24F-4BCB-99DA-0369467AD41E}.Debug|Any CPU.ActiveCfg = Debug|Any CPU
		{EE12C3A3-E24F-4BCB-99DA-0369467AD41E}.Debug|Any CPU.Build.0 = Debug|Any CPU
		{EE12C3A3-E24F-4BCB-99DA-0369467AD41E}.Release|Any CPU.ActiveCfg = Release|Any CPU
		{EE12C3A3-E24F-4BCB-99DA-0369467AD41E}.Release|Any CPU.Build.0 = Release|Any CPU
		{396B00CA-4D43-4D29-B705-D8CF2AAE53C5}.Debug|Any CPU.ActiveCfg = Debug|Any CPU
		{396B00CA-4D43-4D29-B705-D8CF2AAE53C5}.Debug|Any CPU.Build.0 = Debug|Any CPU
		{396B00CA-4D43-4D29-B705-D8CF2AAE53C5}.Release|Any CPU.ActiveCfg = Release|Any CPU
		{396B00CA-4D43-4D29-B705-D8CF2AAE53C5}.Release|Any CPU.Build.0 = Release|Any CPU
	EndGlobalSection
	GlobalSection(SolutionProperties) = preSolution
		HideSolutionNode = FALSE
	EndGlobalSection
	GlobalSection(ExtensibilityGlobals) = postSolution
		SolutionGuid = {68360A39-C394-4491-9172-83109D2C8067}
	EndGlobalSection
EndGlobal
